# THIS IS AN AUTOGENERATED FILE. DO NOT EDIT THIS FILE DIRECTLY.
# yarn lockfile v1


argparse@^1.0.7:
  version "1.0.10"
  resolved "https://registry.yarnpkg.com/argparse/-/argparse-1.0.10.tgz#bcd6791ea5ae09725e17e5ad988134cd40b3d911"
  integrity sha512-o5Roy6tNG4SL/FOkCAN6RzjiakZS25RLYFrcMttJqbdd8BWrnA+fGz57iN5Pb06pvBGvl5gQ0B48dJlslXvoTg==
  dependencies:
    sprintf-js "~1.0.2"

color-steps@^1.0.1:
  version "1.0.2"
  resolved "https://registry.yarnpkg.com/color-steps/-/color-steps-1.0.2.tgz#798767b8055aca5d1b8183ab31da07b2403bddbb"
  integrity sha512-Pj8QfvoFakPb6kPcovfbJzoxPObzYUj7XhNCO2xiC7z8TdjOoMNwMOyIa2nLFP6JKssnAHAfI8EaqhaJg3uWVg==
  dependencies:
    onecolor "^3.0.5"

esprima@^4.0.0:
  version "4.0.1"
  resolved "https://registry.yarnpkg.com/esprima/-/esprima-4.0.1.tgz#13b04cdb3e6c5d19df91ab6987a8695619b0aa71"
  integrity sha512-eGuFFw7Upda+g4p+QHvnW0RyTX/SVeJBDM/gCtMARO0cLuT2HcEKnTPvhjV6aGeqrCB/sbNop0Kszm0jsaWU4A==

js-yaml@^3.11.0:
  version "3.13.1"
  resolved "https://registry.yarnpkg.com/js-yaml/-/js-yaml-3.13.1.tgz#aff151b30bfdfa8e49e05da22e7415e9dfa37847"
  integrity sha512-YfbcO7jXDdyj0DGxYVSlSeQNHbD7XPWvrVWeVUujrQEoZzWJIRrCPoyk6kL6IAjAG2IolMK4T0hNUe0HOUs5Jw==
  dependencies:
    argparse "^1.0.7"
    esprima "^4.0.0"

lodash@^4.17.4:
  version "4.17.19"
  resolved "https://registry.yarnpkg.com/lodash/-/lodash-4.17.19.tgz#e48ddedbe30b3321783c5b4301fbd353bc1e4a4b"
  integrity sha512-JNvd8XER9GQX0v2qJgsaN/mzFCNA5BRe/j8JN9d+tWyGLSodKQHKFicdwNYzWwI3wjRnaKPsGj1XkBjx/F96DQ==

minimist@^1.2.5:
  version "1.2.5"
  resolved "https://registry.yarnpkg.com/minimist/-/minimist-1.2.5.tgz#67d66014b66a6a8aaa0c083c5fd58df4e4e97602"
  integrity sha512-FM9nNUYrRBAELZQT3xeZQ7fmMOBg6nWNmJKTcgsJeaLstP/UODVpGsr5OhXhhXg6f+qtJ8uiZ+PUxkDWcgIXLw==

onecolor@^3.0.5:
  version "3.1.0"
  resolved "https://registry.yarnpkg.com/onecolor/-/onecolor-3.1.0.tgz#b72522270a49569ac20d244b3cd40fe157fda4d2"
  integrity sha512-YZSypViXzu3ul5LMu/m6XjJ9ol8qAy9S2VjHl5E6UlhUH1KGKWabyEJifn0Jjpw23bYDzC2ucKMPGiH5kfwSGQ==

sprintf-js@~1.0.2:
  version "1.0.3"
  resolved "https://registry.yarnpkg.com/sprintf-js/-/sprintf-js-1.0.3.tgz#04e6926f662895354f3dd015203633b857297e2c"
  integrity sha1-BOaSb2YolTVPPdAVIDYzuFcpfiw=

themer-colors-default@1.0.10:
  version "1.0.10"
  resolved "https://registry.yarnpkg.com/themer-colors-default/-/themer-colors-default-1.0.10.tgz#e552fa0438cbecde8028627a71371800a0076822"
  integrity sha512-hS10/K4UOyj5ptzZ9WokNcnVTfT67Xnid0jcfjsD/ATU+N41V0B5lXFhixfui05pB6p+lM94tN8au+sOHvIwPw==

themer-conemu@1.1.0:
  version "1.1.0"
  resolved "https://registry.yarnpkg.com/themer-conemu/-/themer-conemu-1.1.0.tgz#96c7932138e72230de961a1f426587080963f8ac"
  integrity sha512-kGI2m8vUI0FDcarIro2cAqnpfzob2/XSdohgfh7AUHJEJCW6lDhVEU1/peyOGKEzwnj+KaT4BYDxoFucTquhWg==
  dependencies:
    lodash "^4.17.4"

themer@3.3.1:
  version "3.3.1"
  resolved "https://registry.yarnpkg.com/themer/-/themer-3.3.1.tgz#97ea4522d9ad58074983eca4610c7cb1338439aa"
  integrity sha512-W9ZMUpiR/RKGpxREkE5N1Ixib6HSRPNHQgoCDNimzV81b+j64Ij16cbUsiNsQ7wlsE80yzJp+hE42Iq375Eh8w==
  dependencies:
    color-steps "^1.0.1"
    js-yaml "^3.11.0"
    minimist "^1.2.5"
    onecolor "^3.0.5"
