{
  "name": "pandoc-filters",
  "version": "1.0.0",
  "lockfileVersion": 1,
  "requires": true,
  "dependencies": {
    "get-stdin": {
      "version": "0.1.0",
      "resolved": "https://registry.npmjs.org/get-stdin/-/get-stdin-0.1.0.tgz",
      "integrity": "sha1-WZivJKr8gC0VyCxoVlfuuLENSpE="
    },
    "pandoc-filter": {
      "version": "1.0.0",
      "resolved": "https://registry.npmjs.org/pandoc-filter/-/pandoc-filter-1.0.0.tgz",
      "integrity": "sha512-sBM4ENCmqiZBa7QRHvwiOHQ2DD54r+zZ3h6miaSwqJds4rfc8p8fa7TN0Fkl93ouur9W4D8zYWFGnqKhyZ8Kng==",
      "requires": {
        "get-stdin": "~0.1.0"
      }
    }
  }
}
